// !$*UTF8*$!
{
	archiveVersion = 1;
	classes = {
	};
	objectVersion = 51;
	objects = {

/* Begin PBXBuildFile section */
		60374650239FA3AB005A184F /* AppDelegate.swift in Sources */ = {isa = PBXBuildFile; fileRef = 6037464F239FA3AB005A184F /* AppDelegate.swift */; };
		60374652239FA3AB005A184F /* SceneDelegate.swift in Sources */ = {isa = PBXBuildFile; fileRef = 60374651239FA3AB005A184F /* SceneDelegate.swift */; };
		60374657239FA3AB005A184F /* Main.storyboard in Resources */ = {isa = PBXBuildFile; fileRef = 60374655239FA3AB005A184F /* Main.storyboard */; };
		60374659239FA3AE005A184F /* Assets.xcassets in Resources */ = {isa = PBXBuildFile; fileRef = 60374658239FA3AE005A184F /* Assets.xcassets */; };
		6037465C239FA3AE005A184F /* LaunchScreen.storyboard in Resources */ = {isa = PBXBuildFile; fileRef = 6037465A239FA3AE005A184F /* LaunchScreen.storyboard */; };
		6082B7D1239FCFBD00CE23F0 /* AnimationViewController.swift in Sources */ = {isa = PBXBuildFile; fileRef = 6082B7D0239FCFBD00CE23F0 /* AnimationViewController.swift */; };
		6082B7D3239FD01100CE23F0 /* DataManagerAnimations.swift in Sources */ = {isa = PBXBuildFile; fileRef = 6082B7D2239FD01100CE23F0 /* DataManagerAnimations.swift */; };
		6082B7D523A017A700CE23F0 /* Animation.swift in Sources */ = {isa = PBXBuildFile; fileRef = 6082B7D423A017A700CE23F0 /* Animation.swift */; };
		B09BE643A213839355D84016 /* Pods_HomeWork9.framework in Frameworks */ = {isa = PBXBuildFile; fileRef = 56404AB469B1174A818A9910 /* Pods_HomeWork9.framework */; };
/* End PBXBuildFile section */

/* Begin PBXFileReference section */
		56404AB469B1174A818A9910 /* Pods_HomeWork9.framework */ = {isa = PBXFileReference; explicitFileType = wrapper.framework; includeInIndex = 0; path = Pods_HomeWork9.framework; sourceTree = BUILT_PRODUCTS_DIR; };
		6037464C239FA3AB005A184F /* HomeWork9.app */ = {isa = PBXFileReference; explicitFileType = wrapper.application; includeInIndex = 0; path = HomeWork9.app; sourceTree = BUILT_PRODUCTS_DIR; };
		6037464F239FA3AB005A184F /* AppDelegate.swift */ = {isa = PBXFileReference; lastKnownFileType = sourcecode.swift; path = AppDelegate.swift; sourceTree = "<group>"; };
		60374651239FA3AB005A184F /* SceneDelegate.swift */ = {isa = PBXFileReference; lastKnownFileType = sourcecode.swift; path = SceneDelegate.swift; sourceTree = "<group>"; };
		60374656239FA3AB005A184F /* Base */ = {isa = PBXFileReference; lastKnownFileType = file.storyboard; name = Base; path = Base.lproj/Main.storyboard; sourceTree = "<group>"; };
		60374658239FA3AE005A184F /* Assets.xcassets */ = {isa = PBXFileReference; lastKnownFileType = folder.assetcatalog; path = Assets.xcassets; sourceTree = "<group>"; };
		6037465B239FA3AE005A184F /* Base */ = {isa = PBXFileReference; lastKnownFileType = file.storyboard; name = Base; path = Base.lproj/LaunchScreen.storyboard; sourceTree = "<group>"; };
		6037465D239FA3AE005A184F /* Info.plist */ = {isa = PBXFileReference; lastKnownFileType = text.plist.xml; path = Info.plist; sourceTree = "<group>"; };
		6082B7D0239FCFBD00CE23F0 /* AnimationViewController.swift */ = {isa = PBXFileReference; lastKnownFileType = sourcecode.swift; path = AnimationViewController.swift; sourceTree = "<group>"; };
		6082B7D2239FD01100CE23F0 /* DataManagerAnimations.swift */ = {isa = PBXFileReference; lastKnownFileType = sourcecode.swift; path = DataManagerAnimations.swift; sourceTree = "<group>"; };
		6082B7D423A017A700CE23F0 /* Animation.swift */ = {isa = PBXFileReference; lastKnownFileType = sourcecode.swift; path = Animation.swift; sourceTree = "<group>"; };
		82CA6B6F23467F187599363E /* Pods-HomeWork9.release.xcconfig */ = {isa = PBXFileReference; includeInIndex = 1; lastKnownFileType = text.xcconfig; name = "Pods-HomeWork9.release.xcconfig"; path = "Target Support Files/Pods-HomeWork9/Pods-HomeWork9.release.xcconfig"; sourceTree = "<group>"; };
		BA23A2867E3048382E66094E /* Pods-HomeWork9.debug.xcconfig */ = {isa = PBXFileReference; includeInIndex = 1; lastKnownFileType = text.xcconfig; name = "Pods-HomeWork9.debug.xcconfig"; path = "Target Support Files/Pods-HomeWork9/Pods-HomeWork9.debug.xcconfig"; sourceTree = "<group>"; };
/* End PBXFileReference section */

/* Begin PBXFrameworksBuildPhase section */
		60374649239FA3AB005A184F /* Frameworks */ = {
			isa = PBXFrameworksBuildPhase;
			buildActionMask = 2147483647;
			files = (
				B09BE643A213839355D84016 /* Pods_HomeWork9.framework in Frameworks */,
			);
			runOnlyForDeploymentPostprocessing = 0;
		};
/* End PBXFrameworksBuildPhase section */

/* Begin PBXGroup section */
		3E029A209BC92BB2BC4D9181 /* Frameworks */ = {
			isa = PBXGroup;
			children = (
				56404AB469B1174A818A9910 /* Pods_HomeWork9.framework */,
			);
			name = Frameworks;
			sourceTree = "<group>";
		};
		60374643239FA3AB005A184F = {
			isa = PBXGroup;
			children = (
				6037464E239FA3AB005A184F /* HomeWork9 */,
				6037464D239FA3AB005A184F /* Products */,
				DE39E411DA5383DA20B3A247 /* Pods */,
				3E029A209BC92BB2BC4D9181 /* Frameworks */,
			);
			sourceTree = "<group>";
		};
		6037464D239FA3AB005A184F /* Products */ = {
			isa = PBXGroup;
			children = (
				6037464C239FA3AB005A184F /* HomeWork9.app */,
			);
			name = Products;
			sourceTree = "<group>";
		};
		6037464E239FA3AB005A184F /* HomeWork9 */ = {
			isa = PBXGroup;
			children = (
				6082B7CF239FAE8900CE23F0 /* SupportingFiles */,
				6082B7CE239FAE6B00CE23F0 /* Resources */,
				6082B7CD239FADCD00CE23F0 /* Storyboards */,
				6082B7CC239FADA100CE23F0 /* ViewControllers */,
				6082B7CB239FAD9700CE23F0 /* Models */,
			);
			path = HomeWork9;
			sourceTree = "<group>";
		};
		6082B7CB239FAD9700CE23F0 /* Models */ = {
			isa = PBXGroup;
			children = (
				6082B7D2239FD01100CE23F0 /* DataManagerAnimations.swift */,
				6082B7D423A017A700CE23F0 /* Animation.swift */,
			);
			path = Models;
			sourceTree = "<group>";
		};
		6082B7CC239FADA100CE23F0 /* ViewControllers */ = {
			isa = PBXGroup;
			children = (
				6082B7D0239FCFBD00CE23F0 /* AnimationViewController.swift */,
			);
			path = ViewControllers;
			sourceTree = "<group>";
		};
		6082B7CD239FADCD00CE23F0 /* Storyboards */ = {
			isa = PBXGroup;
			children = (
				60374655239FA3AB005A184F /* Main.storyboard */,
				6037465A239FA3AE005A184F /* LaunchScreen.storyboard */,
			);
			path = Storyboards;
			sourceTree = "<group>";
		};
		6082B7CE239FAE6B00CE23F0 /* Resources */ = {
			isa = PBXGroup;
			children = (
				60374658239FA3AE005A184F /* Assets.xcassets */,
			);
			path = Resources;
			sourceTree = "<group>";
		};
		6082B7CF239FAE8900CE23F0 /* SupportingFiles */ = {
			isa = PBXGroup;
			children = (
				6037464F239FA3AB005A184F /* AppDelegate.swift */,
				60374651239FA3AB005A184F /* SceneDelegate.swift */,
				6037465D239FA3AE005A184F /* Info.plist */,
			);
			path = SupportingFiles;
			sourceTree = "<group>";
		};
		DE39E411DA5383DA20B3A247 /* Pods */ = {
			isa = PBXGroup;
			children = (
				BA23A2867E3048382E66094E /* Pods-HomeWork9.debug.xcconfig */,
				82CA6B6F23467F187599363E /* Pods-HomeWork9.release.xcconfig */,
			);
			path = Pods;
			sourceTree = "<group>";
		};
/* End PBXGroup section */

/* Begin PBXNativeTarget section */
		6037464B239FA3AB005A184F /* HomeWork9 */ = {
			isa = PBXNativeTarget;
			buildConfigurationList = 60374660239FA3AE005A184F /* Build configuration list for PBXNativeTarget "HomeWork9" */;
			buildPhases = (
				7F8085D1EF19D4308F7E1B07 /* [CP] Check Pods Manifest.lock */,
				60374648239FA3AB005A184F /* Sources */,
				60374649239FA3AB005A184F /* Frameworks */,
				6037464A239FA3AB005A184F /* Resources */,
				F2F3C6826815EA1FF6556F84 /* [CP] Embed Pods Frameworks */,
			);
			buildRules = (
			);
			dependencies = (
			);
			name = HomeWork9;
			productName = HomeWork9;
			productReference = 6037464C239FA3AB005A184F /* HomeWork9.app */;
			productType = "com.apple.product-type.application";
		};
/* End PBXNativeTarget section */

/* Begin PBXProject section */
		60374644239FA3AB005A184F /* Project object */ = {
			isa = PBXProject;
			attributes = {
				LastSwiftUpdateCheck = 1120;
				LastUpgradeCheck = 1120;
				ORGANIZATIONNAME = "Наташа Лемешевская";
				TargetAttributes = {
					6037464B239FA3AB005A184F = {
						CreatedOnToolsVersion = 11.2.1;
					};
				};
			};
			buildConfigurationList = 60374647239FA3AB005A184F /* Build configuration list for PBXProject "HomeWork9" */;
			compatibilityVersion = "Xcode 9.3";
			developmentRegion = en;
			hasScannedForEncodings = 0;
			knownRegions = (
				en,
				Base,
			);
			mainGroup = 60374643239FA3AB005A184F;
			productRefGroup = 6037464D239FA3AB005A184F /* Products */;
			projectDirPath = "";
			projectRoot = "";
			targets = (
				6037464B239FA3AB005A184F /* HomeWork9 */,
			);
		};
/* End PBXProject section */

/* Begin PBXResourcesBuildPhase section */
		6037464A239FA3AB005A184F /* Resources */ = {
			isa = PBXResourcesBuildPhase;
			buildActionMask = 2147483647;
			files = (
				6037465C239FA3AE005A184F /* LaunchScreen.storyboard in Resources */,
				60374659239FA3AE005A184F /* Assets.xcassets in Resources */,
				60374657239FA3AB005A184F /* Main.storyboard in Resources */,
			);
			runOnlyForDeploymentPostprocessing = 0;
		};
/* End PBXResourcesBuildPhase section */

/* Begin PBXShellScriptBuildPhase section */
		7F8085D1EF19D4308F7E1B07 /* [CP] Check Pods Manifest.lock */ = {
			isa = PBXShellScriptBuildPhase;
			buildActionMask = 2147483647;
			files = (
			);
			inputFileListPaths = (
			);
			inputPaths = (
				"${PODS_PODFILE_DIR_PATH}/Podfile.lock",
				"${PODS_ROOT}/Manifest.lock",
			);
			name = "[CP] Check Pods Manifest.lock";
			outputFileListPaths = (
			);
			outputPaths = (
				"$(DERIVED_FILE_DIR)/Pods-HomeWork9-checkManifestLockResult.txt",
			);
			runOnlyForDeploymentPostprocessing = 0;
			shellPath = /bin/sh;
			shellScript = "diff \"${PODS_PODFILE_DIR_PATH}/Podfile.lock\" \"${PODS_ROOT}/Manifest.lock\" > /dev/null\nif [ $? != 0 ] ; then\n    # print error to STDERR\n    echo \"error: The sandbox is not in sync with the Podfile.lock. Run 'pod install' or update your CocoaPods installation.\" >&2\n    exit 1\nfi\n# This output is used by Xcode 'outputs' to avoid re-running this script phase.\necho \"SUCCESS\" > \"${SCRIPT_OUTPUT_FILE_0}\"\n";
			showEnvVarsInLog = 0;
		};
		F2F3C6826815EA1FF6556F84 /* [CP] Embed Pods Frameworks */ = {
			isa = PBXShellScriptBuildPhase;
			buildActionMask = 2147483647;
			files = (
			);
			inputFileListPaths = (
				"${PODS_ROOT}/Target Support Files/Pods-HomeWork9/Pods-HomeWork9-frameworks-${CONFIGURATION}-input-files.xcfilelist",
			);
			name = "[CP] Embed Pods Frameworks";
			outputFileListPaths = (
				"${PODS_ROOT}/Target Support Files/Pods-HomeWork9/Pods-HomeWork9-frameworks-${CONFIGURATION}-output-files.xcfilelist",
			);
			runOnlyForDeploymentPostprocessing = 0;
			shellPath = /bin/sh;
			shellScript = "\"${PODS_ROOT}/Target Support Files/Pods-HomeWork9/Pods-HomeWork9-frameworks.sh\"\n";
			showEnvVarsInLog = 0;
		};
/* End PBXShellScriptBuildPhase section */

/* Begin PBXSourcesBuildPhase section */
		60374648239FA3AB005A184F /* Sources */ = {
			isa = PBXSourcesBuildPhase;
			buildActionMask = 2147483647;
			files = (
				6082B7D1239FCFBD00CE23F0 /* AnimationViewController.swift in Sources */,
				60374650239FA3AB005A184F /* AppDelegate.swift in Sources */,
				6082B7D3239FD01100CE23F0 /* DataManagerAnimations.swift in Sources */,
				6082B7D523A017A700CE23F0 /* Animation.swift in Sources */,
				60374652239FA3AB005A184F /* SceneDelegate.swift in Sources */,
			);
			runOnlyForDeploymentPostprocessing = 0;
		};
/* End PBXSourcesBuildPhase section */

/* Begin PBXVariantGroup section */
		60374655239FA3AB005A184F /* Main.storyboard */ = {
			isa = PBXVariantGroup;
			children = (
				60374656239FA3AB005A184F /* Base */,
			);
			name = Main.storyboard;
			sourceTree = "<group>";
		};
		6037465A239FA3AE005A184F /* LaunchScreen.storyboard */ = {
			isa = PBXVariantGroup;
			children = (
				6037465B239FA3AE005A184F /* Base */,
			);
			name = LaunchScreen.storyboard;
			sourceTree = "<group>";
		};
/* End PBXVariantGroup section */

/* Begin XCBuildConfiguration section */
		6037465E239FA3AE005A184F /* Debug */ = {
			isa = XCBuildConfiguration;
			buildSettings = {
				ALWAYS_SEARCH_USER_PATHS = NO;
				CLANG_ANALYZER_NONNULL = YES;
				CLANG_ANALYZER_NUMBER_OBJECT_CONVERSION = YES_AGGRESSIVE;
				CLANG_CXX_LANGUAGE_STANDARD = "gnu++14";
				CLANG_CXX_LIBRARY = "libc++";
				CLANG_ENABLE_MODULES = YES;
				CLANG_ENABLE_OBJC_ARC = YES;
				CLANG_ENABLE_OBJC_WEAK = YES;
				CLANG_WARN_BLOCK_CAPTURE_AUTORELEASING = YES;
				CLANG_WARN_BOOL_CONVERSION = YES;
				CLANG_WARN_COMMA = YES;
				CLANG_WARN_CONSTANT_CONVERSION = YES;
				CLANG_WARN_DEPRECATED_OBJC_IMPLEMENTATIONS = YES;
				CLANG_WARN_DIRECT_OBJC_ISA_USAGE = YES_ERROR;
				CLANG_WARN_DOCUMENTATION_COMMENTS = YES;
				CLANG_WARN_EMPTY_BODY = YES;
				CLANG_WARN_ENUM_CONVERSION = YES;
				CLANG_WARN_INFINITE_RECURSION = YES;
				CLANG_WARN_INT_CONVERSION = YES;
				CLANG_WARN_NON_LITERAL_NULL_CONVERSION = YES;
				CLANG_WARN_OBJC_IMPLICIT_RETAIN_SELF = YES;
				CLANG_WARN_OBJC_LITERAL_CONVERSION = YES;
				CLANG_WARN_OBJC_ROOT_CLASS = YES_ERROR;
				CLANG_WARN_RANGE_LOOP_ANALYSIS = YES;
				CLANG_WARN_STRICT_PROTOTYPES = YES;
				CLANG_WARN_SUSPICIOUS_MOVE = YES;
				CLANG_WARN_UNGUARDED_AVAILABILITY = YES_AGGRESSIVE;
				CLANG_WARN_UNREACHABLE_CODE = YES;
				CLANG_WARN__DUPLICATE_METHOD_MATCH = YES;
				COPY_PHASE_STRIP = NO;
				DEBUG_INFORMATION_FORMAT = dwarf;
				ENABLE_STRICT_OBJC_MSGSEND = YES;
				ENABLE_TESTABILITY = YES;
				GCC_C_LANGUAGE_STANDARD = gnu11;
				GCC_DYNAMIC_NO_PIC = NO;
				GCC_NO_COMMON_BLOCKS = YES;
				GCC_OPTIMIZATION_LEVEL = 0;
				GCC_PREPROCESSOR_DEFINITIONS = (
					"DEBUG=1",
					"$(inherited)",
				);
				GCC_WARN_64_TO_32_BIT_CONVERSION = YES;
				GCC_WARN_ABOUT_RETURN_TYPE = YES_ERROR;
				GCC_WARN_UNDECLARED_SELECTOR = YES;
				GCC_WARN_UNINITIALIZED_AUTOS = YES_AGGRESSIVE;
				GCC_WARN_UNUSED_FUNCTION = YES;
				GCC_WARN_UNUSED_VARIABLE = YES;
				IPHONEOS_DEPLOYMENT_TARGET = 13.2;
				MTL_ENABLE_DEBUG_INFO = INCLUDE_SOURCE;
				MTL_FAST_MATH = YES;
				ONLY_ACTIVE_ARCH = YES;
				SDKROOT = iphoneos;
				SWIFT_ACTIVE_COMPILATION_CONDITIONS = DEBUG;
				SWIFT_OPTIMIZATION_LEVEL = "-Onone";
			};
			name = Debug;
		};
		6037465F239FA3AE005A184F /* Release */ = {
			isa = XCBuildConfiguration;
			buildSettings = {
				ALWAYS_SEARCH_USER_PATHS = NO;
				CLANG_ANALYZER_NONNULL = YES;
				CLANG_ANALYZER_NUMBER_OBJECT_CONVERSION = YES_AGGRESSIVE;
				CLANG_CXX_LANGUAGE_STANDARD = "gnu++14";
				CLANG_CXX_LIBRARY = "libc++";
				CLANG_ENABLE_MODULES = YES;
				CLANG_ENABLE_OBJC_ARC = YES;
				CLANG_ENABLE_OBJC_WEAK = YES;
				CLANG_WARN_BLOCK_CAPTURE_AUTORELEASING = YES;
				CLANG_WARN_BOOL_CONVERSION = YES;
				CLANG_WARN_COMMA = YES;
				CLANG_WARN_CONSTANT_CONVERSION = YES;
				CLANG_WARN_DEPRECATED_OBJC_IMPLEMENTATIONS = YES;
				CLANG_WARN_DIRECT_OBJC_ISA_USAGE = YES_ERROR;
				CLANG_WARN_DOCUMENTATION_COMMENTS = YES;
				CLANG_WARN_EMPTY_BODY = YES;
				CLANG_WARN_ENUM_CONVERSION = YES;
				CLANG_WARN_INFINITE_RECURSION = YES;
				CLANG_WARN_INT_CONVERSION = YES;
				CLANG_WARN_NON_LITERAL_NULL_CONVERSION = YES;
				CLANG_WARN_OBJC_IMPLICIT_RETAIN_SELF = YES;
				CLANG_WARN_OBJC_LITERAL_CONVERSION = YES;
				CLANG_WARN_OBJC_ROOT_CLASS = YES_ERROR;
				CLANG_WARN_RANGE_LOOP_ANALYSIS = YES;
				CLANG_WARN_STRICT_PROTOTYPES = YES;
				CLANG_WARN_SUSPICIOUS_MOVE = YES;
				CLANG_WARN_UNGUARDED_AVAILABILITY = YES_AGGRESSIVE;
				CLANG_WARN_UNREACHABLE_CODE = YES;
				CLANG_WARN__DUPLICATE_METHOD_MATCH = YES;
				COPY_PHASE_STRIP = NO;
				DEBUG_INFORMATION_FORMAT = "dwarf-with-dsym";
				ENABLE_NS_ASSERTIONS = NO;
				ENABLE_STRICT_OBJC_MSGSEND = YES;
				GCC_C_LANGUAGE_STANDARD = gnu11;
				GCC_NO_COMMON_BLOCKS = YES;
				GCC_WARN_64_TO_32_BIT_CONVERSION = YES;
				GCC_WARN_ABOUT_RETURN_TYPE = YES_ERROR;
				GCC_WARN_UNDECLARED_SELECTOR = YES;
				GCC_WARN_UNINITIALIZED_AUTOS = YES_AGGRESSIVE;
				GCC_WARN_UNUSED_FUNCTION = YES;
				GCC_WARN_UNUSED_VARIABLE = YES;
				IPHONEOS_DEPLOYMENT_TARGET = 13.2;
				MTL_ENABLE_DEBUG_INFO = NO;
				MTL_FAST_MATH = YES;
				SDKROOT = iphoneos;
				SWIFT_COMPILATION_MODE = wholemodule;
				SWIFT_OPTIMIZATION_LEVEL = "-O";
				VALIDATE_PRODUCT = YES;
			};
			name = Release;
		};
		60374661239FA3AE005A184F /* Debug */ = {
			isa = XCBuildConfiguration;
			baseConfigurationReference = BA23A2867E3048382E66094E /* Pods-HomeWork9.debug.xcconfig */;
			buildSettings = {
				ASSETCATALOG_COMPILER_APPICON_NAME = AppIcon;
				CODE_SIGN_STYLE = Automatic;
				DEVELOPMENT_TEAM = U9YQU4FC7R;
				INFOPLIST_FILE = HomeWork9/SupportingFiles/Info.plist;
				LD_RUNPATH_SEARCH_PATHS = (
					"$(inherited)",
					"@executable_path/Frameworks",
				);
				PRODUCT_BUNDLE_IDENTIFIER = by.natalilemeshevskaya.HomeWork9;
				PRODUCT_NAME = "$(TARGET_NAME)";
				SWIFT_VERSION = 5.0;
				TARGETED_DEVICE_FAMILY = "1,2";
			};
			name = Debug;
		};
		60374662239FA3AE005A184F /* Release */ = {
			isa = XCBuildConfiguration;
			baseConfigurationReference = 82CA6B6F23467F187599363E /* Pods-HomeWork9.release.xcconfig */;
			buildSettings = {
				ASSETCATALOG_COMPILER_APPICON_NAME = AppIcon;
				CODE_SIGN_STYLE = Automatic;
				DEVELOPMENT_TEAM = U9YQU4FC7R;
				INFOPLIST_FILE = HomeWork9/SupportingFiles/Info.plist;
				LD_RUNPATH_SEARCH_PATHS = (
					"$(inherited)",
					"@executable_path/Frameworks",
				);
				PRODUCT_BUNDLE_IDENTIFIER = by.natalilemeshevskaya.HomeWork9;
				PRODUCT_NAME = "$(TARGET_NAME)";
				SWIFT_VERSION = 5.0;
				TARGETED_DEVICE_FAMILY = "1,2";
			};
			name = Release;
		};
/* End XCBuildConfiguration section */

/* Begin XCConfigurationList section */
		60374647239FA3AB005A184F /* Build configuration list for PBXProject "HomeWork9" */ = {
			isa = XCConfigurationList;
			buildConfigurations = (
				6037465E239FA3AE005A184F /* Debug */,
				6037465F239FA3AE005A184F /* Release */,
			);
			defaultConfigurationIsVisible = 0;
			defaultConfigurationName = Release;
		};
		60374660239FA3AE005A184F /* Build configuration list for PBXNativeTarget "HomeWork9" */ = {
			isa = XCConfigurationList;
			buildConfigurations = (
				60374661239FA3AE005A184F /* Debug */,
				60374662239FA3AE005A184F /* Release */,
			);
			defaultConfigurationIsVisible = 0;
			defaultConfigurationName = Release;
		};
/* End XCConfigurationList section */
	};
	rootObject = 60374644239FA3AB005A184F /* Project object */;
}
